
Microsoft Visual Studio Solution File, Format Version 12.00
# Visual Studio Version 17
VisualStudioVersion = 17.0.31903.59
MinimumVisualStudioVersion = 10.0.40219.1
Project("{FAE04EC0-301F-11D3-BF4B-00C04F79EFBC}") = "Presentation", "Presentation\Presentation.csproj", "{CD29A67D-734B-457C-9F95-0650F144E777}"
EndProject
Project("{FAE04EC0-301F-11D3-BF4B-00C04F79EFBC}") = "Infrastructure", "Infrastructure\Infrastructure.csproj", "{1ABD0813-4057-4A49-8FAA-F1CE99F5E4F0}"
EndProject
Project("{FAE04EC0-301F-11D3-BF4B-00C04F79EFBC}") = "Application", "Application\Application.csproj", "{DCC79584-C61D-43DD-BAA9-6B7463D96E81}"
EndProject
Project("{FAE04EC0-301F-11D3-BF4B-00C04F79EFBC}") = "Domain", "Domain\Domain.csproj", "{9194FE73-D19A-4265-AAC1-E28102C726F6}"
EndProject
Global
	GlobalSection(SolutionConfigurationPlatforms) = preSolution
		Debug|Any CPU = Debug|Any CPU
		Debug|x64 = Debug|x64
		Debug|x86 = Debug|x86
		Release|Any CPU = Release|Any CPU
		Release|x64 = Release|x64
		Release|x86 = Release|x86
	EndGlobalSection
	GlobalSection(ProjectConfigurationPlatforms) = postSolution
		{CD29A67D-734B-457C-9F95-0650F144E777}.Debug|Any CPU.ActiveCfg = Debug|Any CPU
		{CD29A67D-734B-457C-9F95-0650F144E777}.Debug|Any CPU.Build.0 = Debug|Any CPU
		{CD29A67D-734B-457C-9F95-0650F144E777}.Debug|x64.ActiveCfg = Debug|Any CPU
		{CD29A67D-734B-457C-9F95-0650F144E777}.Debug|x64.Build.0 = Debug|Any CPU
		{CD29A67D-734B-457C-9F95-0650F144E777}.Debug|x86.ActiveCfg = Debug|Any CPU
		{CD29A67D-734B-457C-9F95-0650F144E777}.Debug|x86.Build.0 = Debug|Any CPU
		{CD29A67D-734B-457C-9F95-0650F144E777}.Release|Any CPU.ActiveCfg = Release|Any CPU
		{CD29A67D-734B-457C-9F95-0650F144E777}.Release|Any CPU.Build.0 = Release|Any CPU
		{CD29A67D-734B-457C-9F95-0650F144E777}.Release|x64.ActiveCfg = Release|Any CPU
		{CD29A67D-734B-457C-9F95-0650F144E777}.Release|x64.Build.0 = Release|Any CPU
		{CD29A67D-734B-457C-9F95-0650F144E777}.Release|x86.ActiveCfg = Release|Any CPU
		{CD29A67D-734B-457C-9F95-0650F144E777}.Release|x86.Build.0 = Release|Any CPU
		{1ABD0813-4057-4A49-8FAA-F1CE99F5E4F0}.Debug|Any CPU.ActiveCfg = Debug|Any CPU
		{1ABD0813-4057-4A49-8FAA-F1CE99F5E4F0}.Debug|Any CPU.Build.0 = Debug|Any CPU
		{1ABD0813-4057-4A49-8FAA-F1CE99F5E4F0}.Debug|x64.ActiveCfg = Debug|Any CPU
		{1ABD0813-4057-4A49-8FAA-F1CE99F5E4F0}.Debug|x64.Build.0 = Debug|Any CPU
		{1ABD0813-4057-4A49-8FAA-F1CE99F5E4F0}.Debug|x86.ActiveCfg = Debug|Any CPU
		{1ABD0813-4057-4A49-8FAA-F1CE99F5E4F0}.Debug|x86.Build.0 = Debug|Any CPU
		{1ABD0813-4057-4A49-8FAA-F1CE99F5E4F0}.Release|Any CPU.ActiveCfg = Release|Any CPU
		{1ABD0813-4057-4A49-8FAA-F1CE99F5E4F0}.Release|Any CPU.Build.0 = Release|Any CPU
		{1ABD0813-4057-4A49-8FAA-F1CE99F5E4F0}.Release|x64.ActiveCfg = Release|Any CPU
		{1ABD0813-4057-4A49-8FAA-F1CE99F5E4F0}.Release|x64.Build.0 = Release|Any CPU
		{1ABD0813-4057-4A49-8FAA-F1CE99F5E4F0}.Release|x86.ActiveCfg = Release|Any CPU
		{1ABD0813-4057-4A49-8FAA-F1CE99F5E4F0}.Release|x86.Build.0 = Release|Any CPU
		{DCC79584-C61D-43DD-BAA9-6B7463D96E81}.Debug|Any CPU.ActiveCfg = Debug|Any CPU
		{DCC79584-C61D-43DD-BAA9-6B7463D96E81}.Debug|Any CPU.Build.0 = Debug|Any CPU
		{DCC79584-C61D-43DD-BAA9-6B7463D96E81}.Debug|x64.ActiveCfg = Debug|Any CPU
		{DCC79584-C61D-43DD-BAA9-6B7463D96E81}.Debug|x64.Build.0 = Debug|Any CPU
		{DCC79584-C61D-43DD-BAA9-6B7463D96E81}.Debug|x86.ActiveCfg = Debug|Any CPU
		{DCC79584-C61D-43DD-BAA9-6B7463D96E81}.Debug|x86.Build.0 = Debug|Any CPU
		{DCC79584-C61D-43DD-BAA9-6B7463D96E81}.Release|Any CPU.ActiveCfg = Release|Any CPU
		{DCC79584-C61D-43DD-BAA9-6B7463D96E81}.Release|Any CPU.Build.0 = Release|Any CPU
		{DCC79584-C61D-43DD-BAA9-6B7463D96E81}.Release|x64.ActiveCfg = Release|Any CPU
		{DCC79584-C61D-43DD-BAA9-6B7463D96E81}.Release|x64.Build.0 = Release|Any CPU
		{DCC79584-C61D-43DD-BAA9-6B7463D96E81}.Release|x86.ActiveCfg = Release|Any CPU
		{DCC79584-C61D-43DD-BAA9-6B7463D96E81}.Release|x86.Build.0 = Release|Any CPU
		{9194FE73-D19A-4265-AAC1-E28102C726F6}.Debug|Any CPU.ActiveCfg = Debug|Any CPU
		{9194FE73-D19A-4265-AAC1-E28102C726F6}.Debug|Any CPU.Build.0 = Debug|Any CPU
		{9194FE73-D19A-4265-AAC1-E28102C726F6}.Debug|x64.ActiveCfg = Debug|Any CPU
		{9194FE73-D19A-4265-AAC1-E28102C726F6}.Debug|x64.Build.0 = Debug|Any CPU
		{9194FE73-D19A-4265-AAC1-E28102C726F6}.Debug|x86.ActiveCfg = Debug|Any CPU
		{9194FE73-D19A-4265-AAC1-E28102C726F6}.Debug|x86.Build.0 = Debug|Any CPU
		{9194FE73-D19A-4265-AAC1-E28102C726F6}.Release|Any CPU.ActiveCfg = Release|Any CPU
		{9194FE73-D19A-4265-AAC1-E28102C726F6}.Release|Any CPU.Build.0 = Release|Any CPU
		{9194FE73-D19A-4265-AAC1-E28102C726F6}.Release|x64.ActiveCfg = Release|Any CPU
		{9194FE73-D19A-4265-AAC1-E28102C726F6}.Release|x64.Build.0 = Release|Any CPU
		{9194FE73-D19A-4265-AAC1-E28102C726F6}.Release|x86.ActiveCfg = Release|Any CPU
		{9194FE73-D19A-4265-AAC1-E28102C726F6}.Release|x86.Build.0 = Release|Any CPU
	EndGlobalSection
	GlobalSection(SolutionProperties) = preSolution
		HideSolutionNode = FALSE
	EndGlobalSection
EndGlobal
